
Microsoft Visual Studio Solution File, Format Version 12.00
# Visual Studio Version 17
VisualStudioVersion = 17.8.34309.116
MinimumVisualStudioVersion = 10.0.40219.1
Project("{FAE04EC0-301F-11D3-BF4B-00C04F79EFBC}") = "G23W1401WPFDialog", "G23W1401WPFDialog\G23W1401WPFDialog.csproj", "{56333FB8-55B6-40B5-84E7-50F70AB6AF86}"
EndProject
Global
	GlobalSection(SolutionConfigurationPlatforms) = preSolution
		Debug|Any CPU = Debug|Any CPU
		Release|Any CPU = Release|Any CPU
	EndGlobalSection
	GlobalSection(ProjectConfigurationPlatforms) = postSolution
		{56333FB8-55B6-40B5-84E7-50F70AB6AF86}.Debug|Any CPU.ActiveCfg = Debug|Any CPU
		{56333FB8-55B6-40B5-84E7-50F70AB6AF86}.Debug|Any CPU.Build.0 = Debug|Any CPU
		{56333FB8-55B6-40B5-84E7-50F70AB6AF86}.Release|Any CPU.ActiveCfg = Release|Any CPU
		{56333FB8-55B6-40B5-84E7-50F70AB6AF86}.Release|Any CPU.Build.0 = Release|Any CPU
	EndGlobalSection
	GlobalSection(SolutionProperties) = preSolution
		HideSolutionNode = FALSE
	EndGlobalSection
	GlobalSection(ExtensibilityGlobals) = postSolution
		SolutionGuid = {A385430F-9BD8-4ABC-AD2E-40EBA5F50086}
	EndGlobalSection
EndGlobal
